
Microsoft Visual Studio Solution File, Format Version 12.00
# Visual Studio Version 16
VisualStudioVersion = 16.0.30717.126
MinimumVisualStudioVersion = 10.0.40219.1
Project("{9A19103F-16F7-4668-BE54-9A1E7A4F7556}") = "Ex05.WindowUI", "Ex05.WindowUI\Ex05.WindowUI.csproj", "{30C08314-1CA4-4844-9D23-3679F6D191B4}"
EndProject
Project("{FAE04EC0-301F-11D3-BF4B-00C04F79EFBC}") = "Ex05.Logic", "Ex05.Logic\Ex05.Logic.csproj", "{B961E4F9-319B-48A8-AC78-51B6EB17733A}"
EndProject
Project("{2150E333-8FDC-42A3-9474-1A3956D46DE8}") = "Solution Items", "Solution Items", "{61FBC7F7-8798-4930-BFCA-988A6C8F8308}"
	ProjectSection(SolutionItems) = preProject
		readme.txt = readme.txt
	EndProjectSection
EndProject
Global
	GlobalSection(SolutionConfigurationPlatforms) = preSolution
		Debug|Any CPU = Debug|Any CPU
		Release|Any CPU = Release|Any CPU
	EndGlobalSection
	GlobalSection(ProjectConfigurationPlatforms) = postSolution
		{30C08314-1CA4-4844-9D23-3679F6D191B4}.Debug|Any CPU.ActiveCfg = Debug|Any CPU
		{30C08314-1CA4-4844-9D23-3679F6D191B4}.Debug|Any CPU.Build.0 = Debug|Any CPU
		{30C08314-1CA4-4844-9D23-3679F6D191B4}.Release|Any CPU.ActiveCfg = Release|Any CPU
		{30C08314-1CA4-4844-9D23-3679F6D191B4}.Release|Any CPU.Build.0 = Release|Any CPU
		{B961E4F9-319B-48A8-AC78-51B6EB17733A}.Debug|Any CPU.ActiveCfg = Debug|Any CPU
		{B961E4F9-319B-48A8-AC78-51B6EB17733A}.Debug|Any CPU.Build.0 = Debug|Any CPU
		{B961E4F9-319B-48A8-AC78-51B6EB17733A}.Release|Any CPU.ActiveCfg = Release|Any CPU
		{B961E4F9-319B-48A8-AC78-51B6EB17733A}.Release|Any CPU.Build.0 = Release|Any CPU
	EndGlobalSection
	GlobalSection(SolutionProperties) = preSolution
		HideSolutionNode = FALSE
	EndGlobalSection
	GlobalSection(ExtensibilityGlobals) = postSolution
		SolutionGuid = {C40455F3-1B7B-4B1D-BE03-E543CC89CF29}
	EndGlobalSection
EndGlobal
